
Microsoft Visual Studio Solution File, Format Version 12.00
# Visual Studio 15
VisualStudioVersion = 15.0.28307.1401
MinimumVisualStudioVersion = 10.0.40219.1
Project("{FC65038C-1B2F-41E1-A629-BED71D161FFF}") = "ADQ_GeneralJournal_Integratuon (CUS) [ADQ Integration Extension]", "..\..\..\..\DBbackup\03082021\ADQ_Mambu_Integratuon\ADQ_Mambu_Integratuon\ADQ_GeneralJournal_Integratuon.rnrproj", "{F2AD9E24-61DA-406D-9CAB-757804692126}"
EndProject
Global
	GlobalSection(SolutionConfigurationPlatforms) = preSolution
		Debug|Any CPU = Debug|Any CPU
	EndGlobalSection
	GlobalSection(ProjectConfigurationPlatforms) = postSolution
		{F2AD9E24-61DA-406D-9CAB-757804692126}.Debug|Any CPU.ActiveCfg = Debug|Any CPU
		{F2AD9E24-61DA-406D-9CAB-757804692126}.Debug|Any CPU.Build.0 = Debug|Any CPU
	EndGlobalSection
	GlobalSection(SolutionProperties) = preSolution
		HideSolutionNode = FALSE
	EndGlobalSection
	GlobalSection(ExtensibilityGlobals) = postSolution
		SolutionGuid = {E38614BD-4E4B-48CB-9056-D850BB7B6381}
	EndGlobalSection
EndGlobal
